
Microsoft Visual Studio Solution File, Format Version 12.00
# Visual Studio Version 16
VisualStudioVersion = 16.0.30804.86
MinimumVisualStudioVersion = 10.0.40219.1
Project("{FAE04EC0-301F-11D3-BF4B-00C04F79EFBC}") = "Kymacros", "Kymacros.csproj", "{D276180F-B8A8-491E-85B1-FBB90C856944}"
EndProject
Global
	GlobalSection(SolutionConfigurationPlatforms) = preSolution
		Debug|Any CPU = Debug|Any CPU
		Release|Any CPU = Release|Any CPU
	EndGlobalSection
	GlobalSection(ProjectConfigurationPlatforms) = postSolution
		{D276180F-B8A8-491E-85B1-FBB90C856944}.Debug|Any CPU.ActiveCfg = Debug|Any CPU
		{D276180F-B8A8-491E-85B1-FBB90C856944}.Debug|Any CPU.Build.0 = Debug|Any CPU
		{D276180F-B8A8-491E-85B1-FBB90C856944}.Release|Any CPU.ActiveCfg = Release|Any CPU
		{D276180F-B8A8-491E-85B1-FBB90C856944}.Release|Any CPU.Build.0 = Release|Any CPU
	EndGlobalSection
	GlobalSection(SolutionProperties) = preSolution
		HideSolutionNode = FALSE
	EndGlobalSection
	GlobalSection(ExtensibilityGlobals) = postSolution
		SolutionGuid = {E2D65D53-6BA3-46A3-BE3A-01867E373061}
	EndGlobalSection
EndGlobal
